Microsoft Visual Studio Solution File, Format Version 12.00
# Visual Studio Version 17
VisualStudioVersion = 17.5.2.0
MinimumVisualStudioVersion = 10.0.40219.1
Project("{FAE04EC0-301F-11D3-BF4B-00C04F79EFBC}") = "CheckInOutMotosApi", "dotnet\CheckInOutMotosApi.csproj", "{2CCCD3D5-E333-D72B-1D05-BB7798ABEE9A}"
EndProject
Project("{FAE04EC0-301F-11D3-BF4B-00C04F79EFBC}") = "CheckInOutMotosApi.Tests", "CheckInOutMotosApi.Tests\CheckInOutMotosApi.Tests.csproj", "{8921C1D1-342A-2B8C-B29F-0CBFB20C7DC0}"
EndProject
Global
	GlobalSection(SolutionConfigurationPlatforms) = preSolution
		Debug|Any CPU = Debug|Any CPU
		Release|Any CPU = Release|Any CPU
	EndGlobalSection
	GlobalSection(ProjectConfigurationPlatforms) = postSolution
		{2CCCD3D5-E333-D72B-1D05-BB7798ABEE9A}.Debug|Any CPU.ActiveCfg = Debug|Any CPU
		{2CCCD3D5-E333-D72B-1D05-BB7798ABEE9A}.Debug|Any CPU.Build.0 = Debug|Any CPU
		{2CCCD3D5-E333-D72B-1D05-BB7798ABEE9A}.Release|Any CPU.ActiveCfg = Release|Any CPU
		{2CCCD3D5-E333-D72B-1D05-BB7798ABEE9A}.Release|Any CPU.Build.0 = Release|Any CPU
		{8921C1D1-342A-2B8C-B29F-0CBFB20C7DC0}.Debug|Any CPU.ActiveCfg = Debug|Any CPU
		{8921C1D1-342A-2B8C-B29F-0CBFB20C7DC0}.Debug|Any CPU.Build.0 = Debug|Any CPU
		{8921C1D1-342A-2B8C-B29F-0CBFB20C7DC0}.Release|Any CPU.ActiveCfg = Release|Any CPU
		{8921C1D1-342A-2B8C-B29F-0CBFB20C7DC0}.Release|Any CPU.Build.0 = Release|Any CPU
	EndGlobalSection
	GlobalSection(SolutionProperties) = preSolution
		HideSolutionNode = FALSE
	EndGlobalSection
	GlobalSection(ExtensibilityGlobals) = postSolution
		SolutionGuid = {21E20B82-6CF1-4CBA-BFA9-0659E860277D}
	EndGlobalSection
EndGlobal
